
Microsoft Visual Studio Solution File, Format Version 12.00
# Visual Studio Version 17
VisualStudioVersion = 17.8.34525.116
MinimumVisualStudioVersion = 10.0.40219.1
Project("{FAE04EC0-301F-11D3-BF4B-00C04F79EFBC}") = "Week4Loops", "Week4Loops\Week4Loops.csproj", "{5212BDB6-AD44-43E8-821A-3D2273552C13}"
EndProject
Global
	GlobalSection(SolutionConfigurationPlatforms) = preSolution
		Debug|Any CPU = Debug|Any CPU
		Release|Any CPU = Release|Any CPU
	EndGlobalSection
	GlobalSection(ProjectConfigurationPlatforms) = postSolution
		{5212BDB6-AD44-43E8-821A-3D2273552C13}.Debug|Any CPU.ActiveCfg = Debug|Any CPU
		{5212BDB6-AD44-43E8-821A-3D2273552C13}.Debug|Any CPU.Build.0 = Debug|Any CPU
		{5212BDB6-AD44-43E8-821A-3D2273552C13}.Release|Any CPU.ActiveCfg = Release|Any CPU
		{5212BDB6-AD44-43E8-821A-3D2273552C13}.Release|Any CPU.Build.0 = Release|Any CPU
	EndGlobalSection
	GlobalSection(SolutionProperties) = preSolution
		HideSolutionNode = FALSE
	EndGlobalSection
	GlobalSection(ExtensibilityGlobals) = postSolution
		SolutionGuid = {8EC1544C-71B0-4781-A39D-F12B3BDF1EC3}
	EndGlobalSection
EndGlobal
